
Microsoft Visual Studio Solution File, Format Version 12.00
# Visual Studio Version 16
VisualStudioVersion = 16.0.31005.135
MinimumVisualStudioVersion = 10.0.40219.1
Project("{FAE04EC0-301F-11D3-BF4B-00C04F79EFBC}") = "lab10", "lab10\lab10.csproj", "{B28D1594-530C-48E0-ABBD-6F764A666222}"
EndProject
Project("{FAE04EC0-301F-11D3-BF4B-00C04F79EFBC}") = "lab10.1", "lab10.1\lab10.1.csproj", "{CCD7DBA5-A25B-4B75-A301-1CAC569C14D0}"
EndProject
Global
	GlobalSection(SolutionConfigurationPlatforms) = preSolution
		Debug|Any CPU = Debug|Any CPU
		Release|Any CPU = Release|Any CPU
	EndGlobalSection
	GlobalSection(ProjectConfigurationPlatforms) = postSolution
		{B28D1594-530C-48E0-ABBD-6F764A666222}.Debug|Any CPU.ActiveCfg = Debug|Any CPU
		{B28D1594-530C-48E0-ABBD-6F764A666222}.Debug|Any CPU.Build.0 = Debug|Any CPU
		{B28D1594-530C-48E0-ABBD-6F764A666222}.Release|Any CPU.ActiveCfg = Release|Any CPU
		{B28D1594-530C-48E0-ABBD-6F764A666222}.Release|Any CPU.Build.0 = Release|Any CPU
		{CCD7DBA5-A25B-4B75-A301-1CAC569C14D0}.Debug|Any CPU.ActiveCfg = Debug|Any CPU
		{CCD7DBA5-A25B-4B75-A301-1CAC569C14D0}.Debug|Any CPU.Build.0 = Debug|Any CPU
		{CCD7DBA5-A25B-4B75-A301-1CAC569C14D0}.Release|Any CPU.ActiveCfg = Release|Any CPU
		{CCD7DBA5-A25B-4B75-A301-1CAC569C14D0}.Release|Any CPU.Build.0 = Release|Any CPU
	EndGlobalSection
	GlobalSection(SolutionProperties) = preSolution
		HideSolutionNode = FALSE
	EndGlobalSection
	GlobalSection(ExtensibilityGlobals) = postSolution
		SolutionGuid = {F7BACD79-BE25-499B-A77B-73AEAAD5AE24}
	EndGlobalSection
EndGlobal
